
Microsoft Visual Studio Solution File, Format Version 12.00
# Visual Studio Version 16
VisualStudioVersion = 16.0.31205.134
MinimumVisualStudioVersion = 10.0.40219.1
Project("{9A19103F-16F7-4668-BE54-9A1E7A4F7556}") = "CoinMayhem", "CoinMayhem.csproj", "{A2FA12F6-8FCF-4D30-95DD-CEFE09DECE00}"
EndProject
Global
	GlobalSection(SolutionConfigurationPlatforms) = preSolution
		Debug|Any CPU = Debug|Any CPU
		Release|Any CPU = Release|Any CPU
	EndGlobalSection
	GlobalSection(ProjectConfigurationPlatforms) = postSolution
		{A2FA12F6-8FCF-4D30-95DD-CEFE09DECE00}.Debug|Any CPU.ActiveCfg = Debug|Any CPU
		{A2FA12F6-8FCF-4D30-95DD-CEFE09DECE00}.Debug|Any CPU.Build.0 = Debug|Any CPU
		{A2FA12F6-8FCF-4D30-95DD-CEFE09DECE00}.Release|Any CPU.ActiveCfg = Release|Any CPU
		{A2FA12F6-8FCF-4D30-95DD-CEFE09DECE00}.Release|Any CPU.Build.0 = Release|Any CPU
	EndGlobalSection
	GlobalSection(SolutionProperties) = preSolution
		HideSolutionNode = FALSE
	EndGlobalSection
	GlobalSection(ExtensibilityGlobals) = postSolution
		SolutionGuid = {E3AC6968-8FC7-4C79-BE63-1508B0C2FC33}
	EndGlobalSection
EndGlobal
